
Microsoft Visual Studio Solution File, Format Version 12.00
# Visual Studio Version 17
VisualStudioVersion = 17.3.32922.545
MinimumVisualStudioVersion = 10.0.40219.1
Project("{FAE04EC0-301F-11D3-BF4B-00C04F79EFBC}") = "Vista", "Vista\Vista.csproj", "{4FF17736-B820-47B3-A189-FE92A19DB1CF}"
EndProject
Global
	GlobalSection(SolutionConfigurationPlatforms) = preSolution
		Debug|Any CPU = Debug|Any CPU
		Release|Any CPU = Release|Any CPU
	EndGlobalSection
	GlobalSection(ProjectConfigurationPlatforms) = postSolution
		{4FF17736-B820-47B3-A189-FE92A19DB1CF}.Debug|Any CPU.ActiveCfg = Debug|Any CPU
		{4FF17736-B820-47B3-A189-FE92A19DB1CF}.Debug|Any CPU.Build.0 = Debug|Any CPU
		{4FF17736-B820-47B3-A189-FE92A19DB1CF}.Release|Any CPU.ActiveCfg = Release|Any CPU
		{4FF17736-B820-47B3-A189-FE92A19DB1CF}.Release|Any CPU.Build.0 = Release|Any CPU
	EndGlobalSection
	GlobalSection(SolutionProperties) = preSolution
		HideSolutionNode = FALSE
	EndGlobalSection
	GlobalSection(ExtensibilityGlobals) = postSolution
		SolutionGuid = {986192BC-FDF6-48D2-AF19-319329934B3A}
	EndGlobalSection
EndGlobal
